// !$*UTF8*$!
{
	archiveVersion = 1;
	classes = {
	};
	objectVersion = 55;
	objects = {

/* Begin PBXBuildFile section */
		9B02953827F2E1DF00FE6705 /* Article.swift in Sources */ = {isa = PBXBuildFile; fileRef = 9B02953727F2E1DF00FE6705 /* Article.swift */; };
		9B02953B27F2E31F00FE6705 /* ArticleService.swift in Sources */ = {isa = PBXBuildFile; fileRef = 9B02953A27F2E31F00FE6705 /* ArticleService.swift */; };
		9B0A6BC727F2852500D1E0A2 /* AppDelegate.swift in Sources */ = {isa = PBXBuildFile; fileRef = 9B0A6BC627F2852500D1E0A2 /* AppDelegate.swift */; };
		9B0A6BC927F2852500D1E0A2 /* SceneDelegate.swift in Sources */ = {isa = PBXBuildFile; fileRef = 9B0A6BC827F2852500D1E0A2 /* SceneDelegate.swift */; };
		9B0A6BD027F2852600D1E0A2 /* Assets.xcassets in Resources */ = {isa = PBXBuildFile; fileRef = 9B0A6BCF27F2852600D1E0A2 /* Assets.xcassets */; };
		9B0A6BD327F2852600D1E0A2 /* LaunchScreen.storyboard in Resources */ = {isa = PBXBuildFile; fileRef = 9B0A6BD127F2852600D1E0A2 /* LaunchScreen.storyboard */; };
		9B0A6BDE27F2852600D1E0A2 /* Swift_StockTutorialTests.swift in Sources */ = {isa = PBXBuildFile; fileRef = 9B0A6BDD27F2852600D1E0A2 /* Swift_StockTutorialTests.swift */; };
		9B0A6BE827F2852600D1E0A2 /* Swift_StockTutorialUITests.swift in Sources */ = {isa = PBXBuildFile; fileRef = 9B0A6BE727F2852600D1E0A2 /* Swift_StockTutorialUITests.swift */; };
		9B0A6BEA27F2852600D1E0A2 /* Swift_StockTutorialUITestsLaunchTests.swift in Sources */ = {isa = PBXBuildFile; fileRef = 9B0A6BE927F2852600D1E0A2 /* Swift_StockTutorialUITestsLaunchTests.swift */; };
		9B0A6C1727F2DA4200D1E0A2 /* RootViewController.swift in Sources */ = {isa = PBXBuildFile; fileRef = 9B0A6C1627F2DA4200D1E0A2 /* RootViewController.swift */; };
		9B0A6C1927F2DB5A00D1E0A2 /* Coordinator.swift in Sources */ = {isa = PBXBuildFile; fileRef = 9B0A6C1827F2DB5A00D1E0A2 /* Coordinator.swift */; };
		C48CBE180C20894B0CDD6E31 /* Pods_Swift_StockTutorial.framework in Frameworks */ = {isa = PBXBuildFile; fileRef = 3F3034860692E6ADB9FA82D3 /* Pods_Swift_StockTutorial.framework */; };
		C5DB556851CB4A2C9F43BC1B /* Pods_Swift_StockTutorialTests.framework in Frameworks */ = {isa = PBXBuildFile; fileRef = 98548759BF76DC2B42B38C1C /* Pods_Swift_StockTutorialTests.framework */; };
		CBC65C02BCC6E0CD12D7DCE4 /* Pods_Swift_StockTutorial_Swift_StockTutorialUITests.framework in Frameworks */ = {isa = PBXBuildFile; fileRef = A3D3C09195CF205B4D4C3764 /* Pods_Swift_StockTutorial_Swift_StockTutorialUITests.framework */; };
/* End PBXBuildFile section */

/* Begin PBXContainerItemProxy section */
		9B0A6BDA27F2852600D1E0A2 /* PBXContainerItemProxy */ = {
			isa = PBXContainerItemProxy;
			containerPortal = 9B0A6BBB27F2852500D1E0A2 /* Project object */;
			proxyType = 1;
			remoteGlobalIDString = 9B0A6BC227F2852500D1E0A2;
			remoteInfo = Swift_StockTutorial;
		};
		9B0A6BE427F2852600D1E0A2 /* PBXContainerItemProxy */ = {
			isa = PBXContainerItemProxy;
			containerPortal = 9B0A6BBB27F2852500D1E0A2 /* Project object */;
			proxyType = 1;
			remoteGlobalIDString = 9B0A6BC227F2852500D1E0A2;
			remoteInfo = Swift_StockTutorial;
		};
/* End PBXContainerItemProxy section */

/* Begin PBXFileReference section */
		17639D37405E24187243CD56 /* Pods-Swift_StockTutorialTests.debug.xcconfig */ = {isa = PBXFileReference; includeInIndex = 1; lastKnownFileType = text.xcconfig; name = "Pods-Swift_StockTutorialTests.debug.xcconfig"; path = "Target Support Files/Pods-Swift_StockTutorialTests/Pods-Swift_StockTutorialTests.debug.xcconfig"; sourceTree = "<group>"; };
		3417EDDE3148D0B5903C8657 /* Pods-Swift_StockTutorial-Swift_StockTutorialUITests.release.xcconfig */ = {isa = PBXFileReference; includeInIndex = 1; lastKnownFileType = text.xcconfig; name = "Pods-Swift_StockTutorial-Swift_StockTutorialUITests.release.xcconfig"; path = "Target Support Files/Pods-Swift_StockTutorial-Swift_StockTutorialUITests/Pods-Swift_StockTutorial-Swift_StockTutorialUITests.release.xcconfig"; sourceTree = "<group>"; };
		3F3034860692E6ADB9FA82D3 /* Pods_Swift_StockTutorial.framework */ = {isa = PBXFileReference; explicitFileType = wrapper.framework; includeInIndex = 0; path = Pods_Swift_StockTutorial.framework; sourceTree = BUILT_PRODUCTS_DIR; };
		5C1AEABB5F5288AF025A8E54 /* Pods-Swift_StockTutorial.release.xcconfig */ = {isa = PBXFileReference; includeInIndex = 1; lastKnownFileType = text.xcconfig; name = "Pods-Swift_StockTutorial.release.xcconfig"; path = "Target Support Files/Pods-Swift_StockTutorial/Pods-Swift_StockTutorial.release.xcconfig"; sourceTree = "<group>"; };
		6AD74E68E48F50619B769F4C /* Pods-Swift_StockTutorial-Swift_StockTutorialUITests.debug.xcconfig */ = {isa = PBXFileReference; includeInIndex = 1; lastKnownFileType = text.xcconfig; name = "Pods-Swift_StockTutorial-Swift_StockTutorialUITests.debug.xcconfig"; path = "Target Support Files/Pods-Swift_StockTutorial-Swift_StockTutorialUITests/Pods-Swift_StockTutorial-Swift_StockTutorialUITests.debug.xcconfig"; sourceTree = "<group>"; };
		71D0BADA03B705FE295E5D8E /* Pods-Swift_StockTutorial.debug.xcconfig */ = {isa = PBXFileReference; includeInIndex = 1; lastKnownFileType = text.xcconfig; name = "Pods-Swift_StockTutorial.debug.xcconfig"; path = "Target Support Files/Pods-Swift_StockTutorial/Pods-Swift_StockTutorial.debug.xcconfig"; sourceTree = "<group>"; };
		98548759BF76DC2B42B38C1C /* Pods_Swift_StockTutorialTests.framework */ = {isa = PBXFileReference; explicitFileType = wrapper.framework; includeInIndex = 0; path = Pods_Swift_StockTutorialTests.framework; sourceTree = BUILT_PRODUCTS_DIR; };
		9B02953727F2E1DF00FE6705 /* Article.swift */ = {isa = PBXFileReference; lastKnownFileType = sourcecode.swift; path = Article.swift; sourceTree = "<group>"; };
		9B02953A27F2E31F00FE6705 /* ArticleService.swift */ = {isa = PBXFileReference; lastKnownFileType = sourcecode.swift; path = ArticleService.swift; sourceTree = "<group>"; };
		9B0A6BC327F2852500D1E0A2 /* Swift_StockTutorial.app */ = {isa = PBXFileReference; explicitFileType = wrapper.application; includeInIndex = 0; path = Swift_StockTutorial.app; sourceTree = BUILT_PRODUCTS_DIR; };
		9B0A6BC627F2852500D1E0A2 /* AppDelegate.swift */ = {isa = PBXFileReference; lastKnownFileType = sourcecode.swift; path = AppDelegate.swift; sourceTree = "<group>"; };
		9B0A6BC827F2852500D1E0A2 /* SceneDelegate.swift */ = {isa = PBXFileReference; lastKnownFileType = sourcecode.swift; path = SceneDelegate.swift; sourceTree = "<group>"; };
		9B0A6BCF27F2852600D1E0A2 /* Assets.xcassets */ = {isa = PBXFileReference; lastKnownFileType = folder.assetcatalog; path = Assets.xcassets; sourceTree = "<group>"; };
		9B0A6BD227F2852600D1E0A2 /* Base */ = {isa = PBXFileReference; lastKnownFileType = file.storyboard; name = Base; path = Base.lproj/LaunchScreen.storyboard; sourceTree = "<group>"; };
		9B0A6BD427F2852600D1E0A2 /* Info.plist */ = {isa = PBXFileReference; lastKnownFileType = text.plist.xml; path = Info.plist; sourceTree = "<group>"; };
		9B0A6BD927F2852600D1E0A2 /* Swift_StockTutorialTests.xctest */ = {isa = PBXFileReference; explicitFileType = wrapper.cfbundle; includeInIndex = 0; path = Swift_StockTutorialTests.xctest; sourceTree = BUILT_PRODUCTS_DIR; };
		9B0A6BDD27F2852600D1E0A2 /* Swift_StockTutorialTests.swift */ = {isa = PBXFileReference; lastKnownFileType = sourcecode.swift; path = Swift_StockTutorialTests.swift; sourceTree = "<group>"; };
		9B0A6BE327F2852600D1E0A2 /* Swift_StockTutorialUITests.xctest */ = {isa = PBXFileReference; explicitFileType = wrapper.cfbundle; includeInIndex = 0; path = Swift_StockTutorialUITests.xctest; sourceTree = BUILT_PRODUCTS_DIR; };
		9B0A6BE727F2852600D1E0A2 /* Swift_StockTutorialUITests.swift */ = {isa = PBXFileReference; lastKnownFileType = sourcecode.swift; path = Swift_StockTutorialUITests.swift; sourceTree = "<group>"; };
		9B0A6BE927F2852600D1E0A2 /* Swift_StockTutorialUITestsLaunchTests.swift */ = {isa = PBXFileReference; lastKnownFileType = sourcecode.swift; path = Swift_StockTutorialUITestsLaunchTests.swift; sourceTree = "<group>"; };
		9B0A6C1627F2DA4200D1E0A2 /* RootViewController.swift */ = {isa = PBXFileReference; lastKnownFileType = sourcecode.swift; path = RootViewController.swift; sourceTree = "<group>"; };
		9B0A6C1827F2DB5A00D1E0A2 /* Coordinator.swift */ = {isa = PBXFileReference; lastKnownFileType = sourcecode.swift; path = Coordinator.swift; sourceTree = "<group>"; };
		A3D3C09195CF205B4D4C3764 /* Pods_Swift_StockTutorial_Swift_StockTutorialUITests.framework */ = {isa = PBXFileReference; explicitFileType = wrapper.framework; includeInIndex = 0; path = Pods_Swift_StockTutorial_Swift_StockTutorialUITests.framework; sourceTree = BUILT_PRODUCTS_DIR; };
		F9F2EBEC04C186A5D3F2F724 /* Pods-Swift_StockTutorialTests.release.xcconfig */ = {isa = PBXFileReference; includeInIndex = 1; lastKnownFileType = text.xcconfig; name = "Pods-Swift_StockTutorialTests.release.xcconfig"; path = "Target Support Files/Pods-Swift_StockTutorialTests/Pods-Swift_StockTutorialTests.release.xcconfig"; sourceTree = "<group>"; };
/* End PBXFileReference section */

/* Begin PBXFrameworksBuildPhase section */
		9B0A6BC027F2852500D1E0A2 /* Frameworks */ = {
			isa = PBXFrameworksBuildPhase;
			buildActionMask = 2147483647;
			files = (
				C48CBE180C20894B0CDD6E31 /* Pods_Swift_StockTutorial.framework in Frameworks */,
			);
			runOnlyForDeploymentPostprocessing = 0;
		};
		9B0A6BD627F2852600D1E0A2 /* Frameworks */ = {
			isa = PBXFrameworksBuildPhase;
			buildActionMask = 2147483647;
			files = (
				C5DB556851CB4A2C9F43BC1B /* Pods_Swift_StockTutorialTests.framework in Frameworks */,
			);
			runOnlyForDeploymentPostprocessing = 0;
		};
		9B0A6BE027F2852600D1E0A2 /* Frameworks */ = {
			isa = PBXFrameworksBuildPhase;
			buildActionMask = 2147483647;
			files = (
				CBC65C02BCC6E0CD12D7DCE4 /* Pods_Swift_StockTutorial_Swift_StockTutorialUITests.framework in Frameworks */,
			);
			runOnlyForDeploymentPostprocessing = 0;
		};
/* End PBXFrameworksBuildPhase section */

/* Begin PBXGroup section */
		62799AE5087CDDE879B97F18 /* Frameworks */ = {
			isa = PBXGroup;
			children = (
				3F3034860692E6ADB9FA82D3 /* Pods_Swift_StockTutorial.framework */,
				A3D3C09195CF205B4D4C3764 /* Pods_Swift_StockTutorial_Swift_StockTutorialUITests.framework */,
				98548759BF76DC2B42B38C1C /* Pods_Swift_StockTutorialTests.framework */,
			);
			name = Frameworks;
			sourceTree = "<group>";
		};
		9B02953627F2E19100FE6705 /* Model */ = {
			isa = PBXGroup;
			children = (
				9B02953727F2E1DF00FE6705 /* Article.swift */,
			);
			path = Model;
			sourceTree = "<group>";
		};
		9B02953927F2E30D00FE6705 /* Services */ = {
			isa = PBXGroup;
			children = (
				9B02953A27F2E31F00FE6705 /* ArticleService.swift */,
			);
			path = Services;
			sourceTree = "<group>";
		};
		9B0A6BBA27F2852500D1E0A2 = {
			isa = PBXGroup;
			children = (
				9B0A6BC527F2852500D1E0A2 /* Swift_StockTutorial */,
				9B0A6BDC27F2852600D1E0A2 /* Swift_StockTutorialTests */,
				9B0A6BE627F2852600D1E0A2 /* Swift_StockTutorialUITests */,
				9B0A6BC427F2852500D1E0A2 /* Products */,
				FBEB84AB0C536730F6059E79 /* Pods */,
				62799AE5087CDDE879B97F18 /* Frameworks */,
			);
			sourceTree = "<group>";
		};
		9B0A6BC427F2852500D1E0A2 /* Products */ = {
			isa = PBXGroup;
			children = (
				9B0A6BC327F2852500D1E0A2 /* Swift_StockTutorial.app */,
				9B0A6BD927F2852600D1E0A2 /* Swift_StockTutorialTests.xctest */,
				9B0A6BE327F2852600D1E0A2 /* Swift_StockTutorialUITests.xctest */,
			);
			name = Products;
			sourceTree = "<group>";
		};
		9B0A6BC527F2852500D1E0A2 /* Swift_StockTutorial */ = {
			isa = PBXGroup;
			children = (
				9B02953927F2E30D00FE6705 /* Services */,
				9B02953627F2E19100FE6705 /* Model */,
				9B0A6C1527F2DA3600D1E0A2 /* Controllers */,
				9B0A6BC627F2852500D1E0A2 /* AppDelegate.swift */,
				9B0A6BC827F2852500D1E0A2 /* SceneDelegate.swift */,
				9B0A6BCF27F2852600D1E0A2 /* Assets.xcassets */,
				9B0A6BD127F2852600D1E0A2 /* LaunchScreen.storyboard */,
				9B0A6BD427F2852600D1E0A2 /* Info.plist */,
				9B0A6C1827F2DB5A00D1E0A2 /* Coordinator.swift */,
			);
			path = Swift_StockTutorial;
			sourceTree = "<group>";
		};
		9B0A6BDC27F2852600D1E0A2 /* Swift_StockTutorialTests */ = {
			isa = PBXGroup;
			children = (
				9B0A6BDD27F2852600D1E0A2 /* Swift_StockTutorialTests.swift */,
			);
			path = Swift_StockTutorialTests;
			sourceTree = "<group>";
		};
		9B0A6BE627F2852600D1E0A2 /* Swift_StockTutorialUITests */ = {
			isa = PBXGroup;
			children = (
				9B0A6BE727F2852600D1E0A2 /* Swift_StockTutorialUITests.swift */,
				9B0A6BE927F2852600D1E0A2 /* Swift_StockTutorialUITestsLaunchTests.swift */,
			);
			path = Swift_StockTutorialUITests;
			sourceTree = "<group>";
		};
		9B0A6C1527F2DA3600D1E0A2 /* Controllers */ = {
			isa = PBXGroup;
			children = (
				9B0A6C1627F2DA4200D1E0A2 /* RootViewController.swift */,
			);
			path = Controllers;
			sourceTree = "<group>";
		};
		FBEB84AB0C536730F6059E79 /* Pods */ = {
			isa = PBXGroup;
			children = (
				71D0BADA03B705FE295E5D8E /* Pods-Swift_StockTutorial.debug.xcconfig */,
				5C1AEABB5F5288AF025A8E54 /* Pods-Swift_StockTutorial.release.xcconfig */,
				6AD74E68E48F50619B769F4C /* Pods-Swift_StockTutorial-Swift_StockTutorialUITests.debug.xcconfig */,
				3417EDDE3148D0B5903C8657 /* Pods-Swift_StockTutorial-Swift_StockTutorialUITests.release.xcconfig */,
				17639D37405E24187243CD56 /* Pods-Swift_StockTutorialTests.debug.xcconfig */,
				F9F2EBEC04C186A5D3F2F724 /* Pods-Swift_StockTutorialTests.release.xcconfig */,
			);
			path = Pods;
			sourceTree = "<group>";
		};
/* End PBXGroup section */

/* Begin PBXNativeTarget section */
		9B0A6BC227F2852500D1E0A2 /* Swift_StockTutorial */ = {
			isa = PBXNativeTarget;
			buildConfigurationList = 9B0A6BED27F2852600D1E0A2 /* Build configuration list for PBXNativeTarget "Swift_StockTutorial" */;
			buildPhases = (
				97BF2E836D0A4DAD9BA068EE /* [CP] Check Pods Manifest.lock */,
				9B0A6BBF27F2852500D1E0A2 /* Sources */,
				9B0A6BC027F2852500D1E0A2 /* Frameworks */,
				9B0A6BC127F2852500D1E0A2 /* Resources */,
				10AA41D9E294FB81CEC6D533 /* [CP] Embed Pods Frameworks */,
			);
			buildRules = (
			);
			dependencies = (
			);
			name = Swift_StockTutorial;
			productName = Swift_StockTutorial;
			productReference = 9B0A6BC327F2852500D1E0A2 /* Swift_StockTutorial.app */;
			productType = "com.apple.product-type.application";
		};
		9B0A6BD827F2852600D1E0A2 /* Swift_StockTutorialTests */ = {
			isa = PBXNativeTarget;
			buildConfigurationList = 9B0A6BF027F2852600D1E0A2 /* Build configuration list for PBXNativeTarget "Swift_StockTutorialTests" */;
			buildPhases = (
				AA6325686F0BAF8D8AC13E4E /* [CP] Check Pods Manifest.lock */,
				9B0A6BD527F2852600D1E0A2 /* Sources */,
				9B0A6BD627F2852600D1E0A2 /* Frameworks */,
				9B0A6BD727F2852600D1E0A2 /* Resources */,
			);
			buildRules = (
			);
			dependencies = (
				9B0A6BDB27F2852600D1E0A2 /* PBXTargetDependency */,
			);
			name = Swift_StockTutorialTests;
			productName = Swift_StockTutorialTests;
			productReference = 9B0A6BD927F2852600D1E0A2 /* Swift_StockTutorialTests.xctest */;
			productType = "com.apple.product-type.bundle.unit-test";
		};
		9B0A6BE227F2852600D1E0A2 /* Swift_StockTutorialUITests */ = {
			isa = PBXNativeTarget;
			buildConfigurationList = 9B0A6BF327F2852600D1E0A2 /* Build configuration list for PBXNativeTarget "Swift_StockTutorialUITests" */;
			buildPhases = (
				73BD46EE26CF5EB877575E30 /* [CP] Check Pods Manifest.lock */,
				9B0A6BDF27F2852600D1E0A2 /* Sources */,
				9B0A6BE027F2852600D1E0A2 /* Frameworks */,
				9B0A6BE127F2852600D1E0A2 /* Resources */,
				EB52AD8D96F0CFE1600652A1 /* [CP] Embed Pods Frameworks */,
			);
			buildRules = (
			);
			dependencies = (
				9B0A6BE527F2852600D1E0A2 /* PBXTargetDependency */,
			);
			name = Swift_StockTutorialUITests;
			productName = Swift_StockTutorialUITests;
			productReference = 9B0A6BE327F2852600D1E0A2 /* Swift_StockTutorialUITests.xctest */;
			productType = "com.apple.product-type.bundle.ui-testing";
		};
/* End PBXNativeTarget section */

/* Begin PBXProject section */
		9B0A6BBB27F2852500D1E0A2 /* Project object */ = {
			isa = PBXProject;
			attributes = {
				BuildIndependentTargetsInParallel = 1;
				LastSwiftUpdateCheck = 1320;
				LastUpgradeCheck = 1320;
				TargetAttributes = {
					9B0A6BC227F2852500D1E0A2 = {
						CreatedOnToolsVersion = 13.2.1;
					};
					9B0A6BD827F2852600D1E0A2 = {
						CreatedOnToolsVersion = 13.2.1;
						TestTargetID = 9B0A6BC227F2852500D1E0A2;
					};
					9B0A6BE227F2852600D1E0A2 = {
						CreatedOnToolsVersion = 13.2.1;
						TestTargetID = 9B0A6BC227F2852500D1E0A2;
					};
				};
			};
			buildConfigurationList = 9B0A6BBE27F2852500D1E0A2 /* Build configuration list for PBXProject "Swift_StockTutorial" */;
			compatibilityVersion = "Xcode 13.0";
			developmentRegion = en;
			hasScannedForEncodings = 0;
			knownRegions = (
				en,
				Base,
			);
			mainGroup = 9B0A6BBA27F2852500D1E0A2;
			productRefGroup = 9B0A6BC427F2852500D1E0A2 /* Products */;
			projectDirPath = "";
			projectRoot = "";
			targets = (
				9B0A6BC227F2852500D1E0A2 /* Swift_StockTutorial */,
				9B0A6BD827F2852600D1E0A2 /* Swift_StockTutorialTests */,
				9B0A6BE227F2852600D1E0A2 /* Swift_StockTutorialUITests */,
			);
		};
/* End PBXProject section */

/* Begin PBXResourcesBuildPhase section */
		9B0A6BC127F2852500D1E0A2 /* Resources */ = {
			isa = PBXResourcesBuildPhase;
			buildActionMask = 2147483647;
			files = (
				9B0A6BD327F2852600D1E0A2 /* LaunchScreen.storyboard in Resources */,
				9B0A6BD027F2852600D1E0A2 /* Assets.xcassets in Resources */,
			);
			runOnlyForDeploymentPostprocessing = 0;
		};
		9B0A6BD727F2852600D1E0A2 /* Resources */ = {
			isa = PBXResourcesBuildPhase;
			buildActionMask = 2147483647;
			files = (
			);
			runOnlyForDeploymentPostprocessing = 0;
		};
		9B0A6BE127F2852600D1E0A2 /* Resources */ = {
			isa = PBXResourcesBuildPhase;
			buildActionMask = 2147483647;
			files = (
			);
			runOnlyForDeploymentPostprocessing = 0;
		};
/* End PBXResourcesBuildPhase section */

/* Begin PBXShellScriptBuildPhase section */
		10AA41D9E294FB81CEC6D533 /* [CP] Embed Pods Frameworks */ = {
			isa = PBXShellScriptBuildPhase;
			buildActionMask = 2147483647;
			files = (
			);
			inputFileListPaths = (
				"${PODS_ROOT}/Target Support Files/Pods-Swift_StockTutorial/Pods-Swift_StockTutorial-frameworks-${CONFIGURATION}-input-files.xcfilelist",
			);
			name = "[CP] Embed Pods Frameworks";
			outputFileListPaths = (
				"${PODS_ROOT}/Target Support Files/Pods-Swift_StockTutorial/Pods-Swift_StockTutorial-frameworks-${CONFIGURATION}-output-files.xcfilelist",
			);
			runOnlyForDeploymentPostprocessing = 0;
			shellPath = /bin/sh;
			shellScript = "\"${PODS_ROOT}/Target Support Files/Pods-Swift_StockTutorial/Pods-Swift_StockTutorial-frameworks.sh\"\n";
			showEnvVarsInLog = 0;
		};
		73BD46EE26CF5EB877575E30 /* [CP] Check Pods Manifest.lock */ = {
			isa = PBXShellScriptBuildPhase;
			buildActionMask = 2147483647;
			files = (
			);
			inputFileListPaths = (
			);
			inputPaths = (
				"${PODS_PODFILE_DIR_PATH}/Podfile.lock",
				"${PODS_ROOT}/Manifest.lock",
			);
			name = "[CP] Check Pods Manifest.lock";
			outputFileListPaths = (
			);
			outputPaths = (
				"$(DERIVED_FILE_DIR)/Pods-Swift_StockTutorial-Swift_StockTutorialUITests-checkManifestLockResult.txt",
			);
			runOnlyForDeploymentPostprocessing = 0;
			shellPath = /bin/sh;
			shellScript = "diff \"${PODS_PODFILE_DIR_PATH}/Podfile.lock\" \"${PODS_ROOT}/Manifest.lock\" > /dev/null\nif [ $? != 0 ] ; then\n    # print error to STDERR\n    echo \"error: The sandbox is not in sync with the Podfile.lock. Run 'pod install' or update your CocoaPods installation.\" >&2\n    exit 1\nfi\n# This output is used by Xcode 'outputs' to avoid re-running this script phase.\necho \"SUCCESS\" > \"${SCRIPT_OUTPUT_FILE_0}\"\n";
			showEnvVarsInLog = 0;
		};
		97BF2E836D0A4DAD9BA068EE /* [CP] Check Pods Manifest.lock */ = {
			isa = PBXShellScriptBuildPhase;
			buildActionMask = 2147483647;
			files = (
			);
			inputFileListPaths = (
			);
			inputPaths = (
				"${PODS_PODFILE_DIR_PATH}/Podfile.lock",
				"${PODS_ROOT}/Manifest.lock",
			);
			name = "[CP] Check Pods Manifest.lock";
			outputFileListPaths = (
			);
			outputPaths = (
				"$(DERIVED_FILE_DIR)/Pods-Swift_StockTutorial-checkManifestLockResult.txt",
			);
			runOnlyForDeploymentPostprocessing = 0;
			shellPath = /bin/sh;
			shellScript = "diff \"${PODS_PODFILE_DIR_PATH}/Podfile.lock\" \"${PODS_ROOT}/Manifest.lock\" > /dev/null\nif [ $? != 0 ] ; then\n    # print error to STDERR\n    echo \"error: The sandbox is not in sync with the Podfile.lock. Run 'pod install' or update your CocoaPods installation.\" >&2\n    exit 1\nfi\n# This output is used by Xcode 'outputs' to avoid re-running this script phase.\necho \"SUCCESS\" > \"${SCRIPT_OUTPUT_FILE_0}\"\n";
			showEnvVarsInLog = 0;
		};
		AA6325686F0BAF8D8AC13E4E /* [CP] Check Pods Manifest.lock */ = {
			isa = PBXShellScriptBuildPhase;
			buildActionMask = 2147483647;
			files = (
			);
			inputFileListPaths = (
			);
			inputPaths = (
				"${PODS_PODFILE_DIR_PATH}/Podfile.lock",
				"${PODS_ROOT}/Manifest.lock",
			);
			name = "[CP] Check Pods Manifest.lock";
			outputFileListPaths = (
			);
			outputPaths = (
				"$(DERIVED_FILE_DIR)/Pods-Swift_StockTutorialTests-checkManifestLockResult.txt",
			);
			runOnlyForDeploymentPostprocessing = 0;
			shellPath = /bin/sh;
			shellScript = "diff \"${PODS_PODFILE_DIR_PATH}/Podfile.lock\" \"${PODS_ROOT}/Manifest.lock\" > /dev/null\nif [ $? != 0 ] ; then\n    # print error to STDERR\n    echo \"error: The sandbox is not in sync with the Podfile.lock. Run 'pod install' or update your CocoaPods installation.\" >&2\n    exit 1\nfi\n# This output is used by Xcode 'outputs' to avoid re-running this script phase.\necho \"SUCCESS\" > \"${SCRIPT_OUTPUT_FILE_0}\"\n";
			showEnvVarsInLog = 0;
		};
		EB52AD8D96F0CFE1600652A1 /* [CP] Embed Pods Frameworks */ = {
			isa = PBXShellScriptBuildPhase;
			buildActionMask = 2147483647;
			files = (
			);
			inputFileListPaths = (
				"${PODS_ROOT}/Target Support Files/Pods-Swift_StockTutorial-Swift_StockTutorialUITests/Pods-Swift_StockTutorial-Swift_StockTutorialUITests-frameworks-${CONFIGURATION}-input-files.xcfilelist",
			);
			name = "[CP] Embed Pods Frameworks";
			outputFileListPaths = (
				"${PODS_ROOT}/Target Support Files/Pods-Swift_StockTutorial-Swift_StockTutorialUITests/Pods-Swift_StockTutorial-Swift_StockTutorialUITests-frameworks-${CONFIGURATION}-output-files.xcfilelist",
			);
			runOnlyForDeploymentPostprocessing = 0;
			shellPath = /bin/sh;
			shellScript = "\"${PODS_ROOT}/Target Support Files/Pods-Swift_StockTutorial-Swift_StockTutorialUITests/Pods-Swift_StockTutorial-Swift_StockTutorialUITests-frameworks.sh\"\n";
			showEnvVarsInLog = 0;
		};
/* End PBXShellScriptBuildPhase section */

/* Begin PBXSourcesBuildPhase section */
		9B0A6BBF27F2852500D1E0A2 /* Sources */ = {
			isa = PBXSourcesBuildPhase;
			buildActionMask = 2147483647;
			files = (
				9B0A6C1927F2DB5A00D1E0A2 /* Coordinator.swift in Sources */,
				9B0A6BC727F2852500D1E0A2 /* AppDelegate.swift in Sources */,
				9B02953B27F2E31F00FE6705 /* ArticleService.swift in Sources */,
				9B0A6BC927F2852500D1E0A2 /* SceneDelegate.swift in Sources */,
				9B0A6C1727F2DA4200D1E0A2 /* RootViewController.swift in Sources */,
				9B02953827F2E1DF00FE6705 /* Article.swift in Sources */,
			);
			runOnlyForDeploymentPostprocessing = 0;
		};
		9B0A6BD527F2852600D1E0A2 /* Sources */ = {
			isa = PBXSourcesBuildPhase;
			buildActionMask = 2147483647;
			files = (
				9B0A6BDE27F2852600D1E0A2 /* Swift_StockTutorialTests.swift in Sources */,
			);
			runOnlyForDeploymentPostprocessing = 0;
		};
		9B0A6BDF27F2852600D1E0A2 /* Sources */ = {
			isa = PBXSourcesBuildPhase;
			buildActionMask = 2147483647;
			files = (
				9B0A6BE827F2852600D1E0A2 /* Swift_StockTutorialUITests.swift in Sources */,
				9B0A6BEA27F2852600D1E0A2 /* Swift_StockTutorialUITestsLaunchTests.swift in Sources */,
			);
			runOnlyForDeploymentPostprocessing = 0;
		};
/* End PBXSourcesBuildPhase section */

/* Begin PBXTargetDependency section */
		9B0A6BDB27F2852600D1E0A2 /* PBXTargetDependency */ = {
			isa = PBXTargetDependency;
			target = 9B0A6BC227F2852500D1E0A2 /* Swift_StockTutorial */;
			targetProxy = 9B0A6BDA27F2852600D1E0A2 /* PBXContainerItemProxy */;
		};
		9B0A6BE527F2852600D1E0A2 /* PBXTargetDependency */ = {
			isa = PBXTargetDependency;
			target = 9B0A6BC227F2852500D1E0A2 /* Swift_StockTutorial */;
			targetProxy = 9B0A6BE427F2852600D1E0A2 /* PBXContainerItemProxy */;
		};
/* End PBXTargetDependency section */

/* Begin PBXVariantGroup section */
		9B0A6BD127F2852600D1E0A2 /* LaunchScreen.storyboard */ = {
			isa = PBXVariantGroup;
			children = (
				9B0A6BD227F2852600D1E0A2 /* Base */,
			);
			name = LaunchScreen.storyboard;
			sourceTree = "<group>";
		};
/* End PBXVariantGroup section */

/* Begin XCBuildConfiguration section */
		9B0A6BEB27F2852600D1E0A2 /* Debug */ = {
			isa = XCBuildConfiguration;
			buildSettings = {
				ALWAYS_SEARCH_USER_PATHS = NO;
				CLANG_ANALYZER_NONNULL = YES;
				CLANG_ANALYZER_NUMBER_OBJECT_CONVERSION = YES_AGGRESSIVE;
				CLANG_CXX_LANGUAGE_STANDARD = "gnu++17";
				CLANG_CXX_LIBRARY = "libc++";
				CLANG_ENABLE_MODULES = YES;
				CLANG_ENABLE_OBJC_ARC = YES;
				CLANG_ENABLE_OBJC_WEAK = YES;
				CLANG_WARN_BLOCK_CAPTURE_AUTORELEASING = YES;
				CLANG_WARN_BOOL_CONVERSION = YES;
				CLANG_WARN_COMMA = YES;
				CLANG_WARN_CONSTANT_CONVERSION = YES;
				CLANG_WARN_DEPRECATED_OBJC_IMPLEMENTATIONS = YES;
				CLANG_WARN_DIRECT_OBJC_ISA_USAGE = YES_ERROR;
				CLANG_WARN_DOCUMENTATION_COMMENTS = YES;
				CLANG_WARN_EMPTY_BODY = YES;
				CLANG_WARN_ENUM_CONVERSION = YES;
				CLANG_WARN_INFINITE_RECURSION = YES;
				CLANG_WARN_INT_CONVERSION = YES;
				CLANG_WARN_NON_LITERAL_NULL_CONVERSION = YES;
				CLANG_WARN_OBJC_IMPLICIT_RETAIN_SELF = YES;
				CLANG_WARN_OBJC_LITERAL_CONVERSION = YES;
				CLANG_WARN_OBJC_ROOT_CLASS = YES_ERROR;
				CLANG_WARN_QUOTED_INCLUDE_IN_FRAMEWORK_HEADER = YES;
				CLANG_WARN_RANGE_LOOP_ANALYSIS = YES;
				CLANG_WARN_STRICT_PROTOTYPES = YES;
				CLANG_WARN_SUSPICIOUS_MOVE = YES;
				CLANG_WARN_UNGUARDED_AVAILABILITY = YES_AGGRESSIVE;
				CLANG_WARN_UNREACHABLE_CODE = YES;
				CLANG_WARN__DUPLICATE_METHOD_MATCH = YES;
				COPY_PHASE_STRIP = NO;
				DEBUG_INFORMATION_FORMAT = dwarf;
				ENABLE_STRICT_OBJC_MSGSEND = YES;
				ENABLE_TESTABILITY = YES;
				GCC_C_LANGUAGE_STANDARD = gnu11;
				GCC_DYNAMIC_NO_PIC = NO;
				GCC_NO_COMMON_BLOCKS = YES;
				GCC_OPTIMIZATION_LEVEL = 0;
				GCC_PREPROCESSOR_DEFINITIONS = (
					"DEBUG=1",
					"$(inherited)",
				);
				GCC_WARN_64_TO_32_BIT_CONVERSION = YES;
				GCC_WARN_ABOUT_RETURN_TYPE = YES_ERROR;
				GCC_WARN_UNDECLARED_SELECTOR = YES;
				GCC_WARN_UNINITIALIZED_AUTOS = YES_AGGRESSIVE;
				GCC_WARN_UNUSED_FUNCTION = YES;
				GCC_WARN_UNUSED_VARIABLE = YES;
				IPHONEOS_DEPLOYMENT_TARGET = 15.2;
				MTL_ENABLE_DEBUG_INFO = INCLUDE_SOURCE;
				MTL_FAST_MATH = YES;
				ONLY_ACTIVE_ARCH = YES;
				SDKROOT = iphoneos;
				SWIFT_ACTIVE_COMPILATION_CONDITIONS = DEBUG;
				SWIFT_OPTIMIZATION_LEVEL = "-Onone";
			};
			name = Debug;
		};
		9B0A6BEC27F2852600D1E0A2 /* Release */ = {
			isa = XCBuildConfiguration;
			buildSettings = {
				ALWAYS_SEARCH_USER_PATHS = NO;
				CLANG_ANALYZER_NONNULL = YES;
				CLANG_ANALYZER_NUMBER_OBJECT_CONVERSION = YES_AGGRESSIVE;
				CLANG_CXX_LANGUAGE_STANDARD = "gnu++17";
				CLANG_CXX_LIBRARY = "libc++";
				CLANG_ENABLE_MODULES = YES;
				CLANG_ENABLE_OBJC_ARC = YES;
				CLANG_ENABLE_OBJC_WEAK = YES;
				CLANG_WARN_BLOCK_CAPTURE_AUTORELEASING = YES;
				CLANG_WARN_BOOL_CONVERSION = YES;
				CLANG_WARN_COMMA = YES;
				CLANG_WARN_CONSTANT_CONVERSION = YES;
				CLANG_WARN_DEPRECATED_OBJC_IMPLEMENTATIONS = YES;
				CLANG_WARN_DIRECT_OBJC_ISA_USAGE = YES_ERROR;
				CLANG_WARN_DOCUMENTATION_COMMENTS = YES;
				CLANG_WARN_EMPTY_BODY = YES;
				CLANG_WARN_ENUM_CONVERSION = YES;
				CLANG_WARN_INFINITE_RECURSION = YES;
				CLANG_WARN_INT_CONVERSION = YES;
				CLANG_WARN_NON_LITERAL_NULL_CONVERSION = YES;
				CLANG_WARN_OBJC_IMPLICIT_RETAIN_SELF = YES;
				CLANG_WARN_OBJC_LITERAL_CONVERSION = YES;
				CLANG_WARN_OBJC_ROOT_CLASS = YES_ERROR;
				CLANG_WARN_QUOTED_INCLUDE_IN_FRAMEWORK_HEADER = YES;
				CLANG_WARN_RANGE_LOOP_ANALYSIS = YES;
				CLANG_WARN_STRICT_PROTOTYPES = YES;
				CLANG_WARN_SUSPICIOUS_MOVE = YES;
				CLANG_WARN_UNGUARDED_AVAILABILITY = YES_AGGRESSIVE;
				CLANG_WARN_UNREACHABLE_CODE = YES;
				CLANG_WARN__DUPLICATE_METHOD_MATCH = YES;
				COPY_PHASE_STRIP = NO;
				DEBUG_INFORMATION_FORMAT = "dwarf-with-dsym";
				ENABLE_NS_ASSERTIONS = NO;
				ENABLE_STRICT_OBJC_MSGSEND = YES;
				GCC_C_LANGUAGE_STANDARD = gnu11;
				GCC_NO_COMMON_BLOCKS = YES;
				GCC_WARN_64_TO_32_BIT_CONVERSION = YES;
				GCC_WARN_ABOUT_RETURN_TYPE = YES_ERROR;
				GCC_WARN_UNDECLARED_SELECTOR = YES;
				GCC_WARN_UNINITIALIZED_AUTOS = YES_AGGRESSIVE;
				GCC_WARN_UNUSED_FUNCTION = YES;
				GCC_WARN_UNUSED_VARIABLE = YES;
				IPHONEOS_DEPLOYMENT_TARGET = 15.2;
				MTL_ENABLE_DEBUG_INFO = NO;
				MTL_FAST_MATH = YES;
				SDKROOT = iphoneos;
				SWIFT_COMPILATION_MODE = wholemodule;
				SWIFT_OPTIMIZATION_LEVEL = "-O";
				VALIDATE_PRODUCT = YES;
			};
			name = Release;
		};
		9B0A6BEE27F2852600D1E0A2 /* Debug */ = {
			isa = XCBuildConfiguration;
			baseConfigurationReference = 71D0BADA03B705FE295E5D8E /* Pods-Swift_StockTutorial.debug.xcconfig */;
			buildSettings = {
				ASSETCATALOG_COMPILER_APPICON_NAME = AppIcon;
				ASSETCATALOG_COMPILER_GLOBAL_ACCENT_COLOR_NAME = AccentColor;
				CODE_SIGN_STYLE = Automatic;
				CURRENT_PROJECT_VERSION = 1;
				DEVELOPMENT_TEAM = JUG5Q2JKZC;
				GENERATE_INFOPLIST_FILE = YES;
				INFOPLIST_FILE = Swift_StockTutorial/Info.plist;
				INFOPLIST_KEY_UIApplicationSupportsIndirectInputEvents = YES;
				INFOPLIST_KEY_UILaunchStoryboardName = LaunchScreen;
				INFOPLIST_KEY_UISupportedInterfaceOrientations_iPad = "UIInterfaceOrientationPortrait UIInterfaceOrientationPortraitUpsideDown UIInterfaceOrientationLandscapeLeft UIInterfaceOrientationLandscapeRight";
				INFOPLIST_KEY_UISupportedInterfaceOrientations_iPhone = "UIInterfaceOrientationPortrait UIInterfaceOrientationLandscapeLeft UIInterfaceOrientationLandscapeRight";
				LD_RUNPATH_SEARCH_PATHS = (
					"$(inherited)",
					"@executable_path/Frameworks",
				);
				MARKETING_VERSION = 1.0;
				PRODUCT_BUNDLE_IDENTIFIER = "com.app.swift.Swift-StockTutorial";
				PRODUCT_NAME = "$(TARGET_NAME)";
				SWIFT_EMIT_LOC_STRINGS = YES;
				SWIFT_VERSION = 5.0;
				TARGETED_DEVICE_FAMILY = 1;
			};
			name = Debug;
		};
		9B0A6BEF27F2852600D1E0A2 /* Release */ = {
			isa = XCBuildConfiguration;
			baseConfigurationReference = 5C1AEABB5F5288AF025A8E54 /* Pods-Swift_StockTutorial.release.xcconfig */;
			buildSettings = {
				ASSETCATALOG_COMPILER_APPICON_NAME = AppIcon;
				ASSETCATALOG_COMPILER_GLOBAL_ACCENT_COLOR_NAME = AccentColor;
				CODE_SIGN_STYLE = Automatic;
				CURRENT_PROJECT_VERSION = 1;
				DEVELOPMENT_TEAM = JUG5Q2JKZC;
				GENERATE_INFOPLIST_FILE = YES;
				INFOPLIST_FILE = Swift_StockTutorial/Info.plist;
				INFOPLIST_KEY_UIApplicationSupportsIndirectInputEvents = YES;
				INFOPLIST_KEY_UILaunchStoryboardName = LaunchScreen;
				INFOPLIST_KEY_UISupportedInterfaceOrientations_iPad = "UIInterfaceOrientationPortrait UIInterfaceOrientationPortraitUpsideDown UIInterfaceOrientationLandscapeLeft UIInterfaceOrientationLandscapeRight";
				INFOPLIST_KEY_UISupportedInterfaceOrientations_iPhone = "UIInterfaceOrientationPortrait UIInterfaceOrientationLandscapeLeft UIInterfaceOrientationLandscapeRight";
				LD_RUNPATH_SEARCH_PATHS = (
					"$(inherited)",
					"@executable_path/Frameworks",
				);
				MARKETING_VERSION = 1.0;
				PRODUCT_BUNDLE_IDENTIFIER = "com.app.swift.Swift-StockTutorial";
				PRODUCT_NAME = "$(TARGET_NAME)";
				SWIFT_EMIT_LOC_STRINGS = YES;
				SWIFT_VERSION = 5.0;
				TARGETED_DEVICE_FAMILY = 1;
			};
			name = Release;
		};
		9B0A6BF127F2852600D1E0A2 /* Debug */ = {
			isa = XCBuildConfiguration;
			baseConfigurationReference = 17639D37405E24187243CD56 /* Pods-Swift_StockTutorialTests.debug.xcconfig */;
			buildSettings = {
				ALWAYS_EMBED_SWIFT_STANDARD_LIBRARIES = YES;
				BUNDLE_LOADER = "$(TEST_HOST)";
				CODE_SIGN_STYLE = Automatic;
				CURRENT_PROJECT_VERSION = 1;
				DEVELOPMENT_TEAM = JUG5Q2JKZC;
				GENERATE_INFOPLIST_FILE = YES;
				IPHONEOS_DEPLOYMENT_TARGET = 15.2;
				MARKETING_VERSION = 1.0;
				PRODUCT_BUNDLE_IDENTIFIER = "com.app.swift.Swift-StockTutorialTests";
				PRODUCT_NAME = "$(TARGET_NAME)";
				SWIFT_EMIT_LOC_STRINGS = NO;
				SWIFT_VERSION = 5.0;
				TARGETED_DEVICE_FAMILY = "1,2";
				TEST_HOST = "$(BUILT_PRODUCTS_DIR)/Swift_StockTutorial.app/Swift_StockTutorial";
			};
			name = Debug;
		};
		9B0A6BF227F2852600D1E0A2 /* Release */ = {
			isa = XCBuildConfiguration;
			baseConfigurationReference = F9F2EBEC04C186A5D3F2F724 /* Pods-Swift_StockTutorialTests.release.xcconfig */;
			buildSettings = {
				ALWAYS_EMBED_SWIFT_STANDARD_LIBRARIES = YES;
				BUNDLE_LOADER = "$(TEST_HOST)";
				CODE_SIGN_STYLE = Automatic;
				CURRENT_PROJECT_VERSION = 1;
				DEVELOPMENT_TEAM = JUG5Q2JKZC;
				GENERATE_INFOPLIST_FILE = YES;
				IPHONEOS_DEPLOYMENT_TARGET = 15.2;
				MARKETING_VERSION = 1.0;
				PRODUCT_BUNDLE_IDENTIFIER = "com.app.swift.Swift-StockTutorialTests";
				PRODUCT_NAME = "$(TARGET_NAME)";
				SWIFT_EMIT_LOC_STRINGS = NO;
				SWIFT_VERSION = 5.0;
				TARGETED_DEVICE_FAMILY = "1,2";
				TEST_HOST = "$(BUILT_PRODUCTS_DIR)/Swift_StockTutorial.app/Swift_StockTutorial";
			};
			name = Release;
		};
		9B0A6BF427F2852600D1E0A2 /* Debug */ = {
			isa = XCBuildConfiguration;
			baseConfigurationReference = 6AD74E68E48F50619B769F4C /* Pods-Swift_StockTutorial-Swift_StockTutorialUITests.debug.xcconfig */;
			buildSettings = {
				ALWAYS_EMBED_SWIFT_STANDARD_LIBRARIES = YES;
				CODE_SIGN_STYLE = Automatic;
				CURRENT_PROJECT_VERSION = 1;
				DEVELOPMENT_TEAM = JUG5Q2JKZC;
				GENERATE_INFOPLIST_FILE = YES;
				MARKETING_VERSION = 1.0;
				PRODUCT_BUNDLE_IDENTIFIER = "com.app.swift.Swift-StockTutorialUITests";
				PRODUCT_NAME = "$(TARGET_NAME)";
				SWIFT_EMIT_LOC_STRINGS = NO;
				SWIFT_VERSION = 5.0;
				TARGETED_DEVICE_FAMILY = "1,2";
				TEST_TARGET_NAME = Swift_StockTutorial;
			};
			name = Debug;
		};
		9B0A6BF527F2852600D1E0A2 /* Release */ = {
			isa = XCBuildConfiguration;
			baseConfigurationReference = 3417EDDE3148D0B5903C8657 /* Pods-Swift_StockTutorial-Swift_StockTutorialUITests.release.xcconfig */;
			buildSettings = {
				ALWAYS_EMBED_SWIFT_STANDARD_LIBRARIES = YES;
				CODE_SIGN_STYLE = Automatic;
				CURRENT_PROJECT_VERSION = 1;
				DEVELOPMENT_TEAM = JUG5Q2JKZC;
				GENERATE_INFOPLIST_FILE = YES;
				MARKETING_VERSION = 1.0;
				PRODUCT_BUNDLE_IDENTIFIER = "com.app.swift.Swift-StockTutorialUITests";
				PRODUCT_NAME = "$(TARGET_NAME)";
				SWIFT_EMIT_LOC_STRINGS = NO;
				SWIFT_VERSION = 5.0;
				TARGETED_DEVICE_FAMILY = "1,2";
				TEST_TARGET_NAME = Swift_StockTutorial;
			};
			name = Release;
		};
/* End XCBuildConfiguration section */

/* Begin XCConfigurationList section */
		9B0A6BBE27F2852500D1E0A2 /* Build configuration list for PBXProject "Swift_StockTutorial" */ = {
			isa = XCConfigurationList;
			buildConfigurations = (
				9B0A6BEB27F2852600D1E0A2 /* Debug */,
				9B0A6BEC27F2852600D1E0A2 /* Release */,
			);
			defaultConfigurationIsVisible = 0;
			defaultConfigurationName = Release;
		};
		9B0A6BED27F2852600D1E0A2 /* Build configuration list for PBXNativeTarget "Swift_StockTutorial" */ = {
			isa = XCConfigurationList;
			buildConfigurations = (
				9B0A6BEE27F2852600D1E0A2 /* Debug */,
				9B0A6BEF27F2852600D1E0A2 /* Release */,
			);
			defaultConfigurationIsVisible = 0;
			defaultConfigurationName = Release;
		};
		9B0A6BF027F2852600D1E0A2 /* Build configuration list for PBXNativeTarget "Swift_StockTutorialTests" */ = {
			isa = XCConfigurationList;
			buildConfigurations = (
				9B0A6BF127F2852600D1E0A2 /* Debug */,
				9B0A6BF227F2852600D1E0A2 /* Release */,
			);
			defaultConfigurationIsVisible = 0;
			defaultConfigurationName = Release;
		};
		9B0A6BF327F2852600D1E0A2 /* Build configuration list for PBXNativeTarget "Swift_StockTutorialUITests" */ = {
			isa = XCConfigurationList;
			buildConfigurations = (
				9B0A6BF427F2852600D1E0A2 /* Debug */,
				9B0A6BF527F2852600D1E0A2 /* Release */,
			);
			defaultConfigurationIsVisible = 0;
			defaultConfigurationName = Release;
		};
/* End XCConfigurationList section */
	};
	rootObject = 9B0A6BBB27F2852500D1E0A2 /* Project object */;
}
